
Microsoft Visual Studio Solution File, Format Version 12.00
# Visual Studio 15
VisualStudioVersion = 15.0.26430.6
MinimumVisualStudioVersion = 10.0.40219.1
Project("{8BC9CEB8-8B4A-11D0-8D11-00A0C91BC942}") = "aerofly_fs_2_external_dll_sample", "aerofly_fs_2_external_dll_sample.vcxproj", "{19E52193-A102-4A36-BF1E-84CEE2A08DA2}"
EndProject
Global
	GlobalSection(SolutionConfigurationPlatforms) = preSolution
		Debug|x64 = Debug|x64
		Release|x64 = Release|x64
	EndGlobalSection
	GlobalSection(ProjectConfigurationPlatforms) = postSolution
		{19E52193-A102-4A36-BF1E-84CEE2A08DA2}.Debug|x64.ActiveCfg = Debug|x64
		{19E52193-A102-4A36-BF1E-84CEE2A08DA2}.Debug|x64.Build.0 = Debug|x64
		{19E52193-A102-4A36-BF1E-84CEE2A08DA2}.Release|x64.ActiveCfg = Release|x64
		{19E52193-A102-4A36-BF1E-84CEE2A08DA2}.Release|x64.Build.0 = Release|x64
	EndGlobalSection
	GlobalSection(SolutionProperties) = preSolution
		HideSolutionNode = FALSE
	EndGlobalSection
EndGlobal
